github.com/cmj0121/stropt v0.3.4 h1:K9/UaQgHqlTMv4gFaeX8ezB8qB5D1WdQlJfx1J/0k+s=
github.com/cmj0121/stropt v0.3.4/go.mod h1:nvXW/GtYpd1UtnXb/Qf1sG3RyRV1kyffVbW5Jd9aPcY=
github.com/cmj0121/trace v0.1.0 h1:HzK2Az0Q1f6afWCdmuz/QizAMje8rT9bp9qF4VeGEn8=
github.com/cmj0121/trace v0.1.0/go.mod h1:oWqsFFkwHRm69o4ayA1twMCllfI3kkjxzx+GpRi0TJE=
